
Microsoft Visual Studio Solution File, Format Version 12.00
# Visual Studio Version 16
VisualStudioVersion = 16.0.29926.136
MinimumVisualStudioVersion = 10.0.40219.1
Project("{9A19103F-16F7-4668-BE54-9A1E7A4F7556}") = "sms-pitang-netcore", "sms-pitang-netcore\sms-pitang-netcore.csproj", "{0C2225C0-0AAE-443B-9C9B-E967F4D5A880}"
EndProject
Project("{2150E333-8FDC-42A3-9474-1A3956D46DE8}") = "Domain", "Domain", "{714FC8BE-D99D-4C7F-9601-197FFBAB6C55}"
EndProject
Project("{9A19103F-16F7-4668-BE54-9A1E7A4F7556}") = "Pitang.Sms.NetCore.Entities", "Pitang.Sms.NetCore.Entities\Pitang.Sms.NetCore.Entities.csproj", "{86B66D58-DC60-48F0-A786-ECC0265BF83A}"
EndProject
Project("{9A19103F-16F7-4668-BE54-9A1E7A4F7556}") = "Pitang.Sms.NetCore.Data", "Pitang.Sms.NetCore.Data\Pitang.Sms.NetCore.Data.csproj", "{613B93A3-A72C-46FB-B103-04F5E9A2515D}"
EndProject
Project("{9A19103F-16F7-4668-BE54-9A1E7A4F7556}") = "Pitang.Sms.NetCore.Auth", "Pitang.Sms.NetCore.Auth\Pitang.Sms.NetCore.Auth.csproj", "{77847465-9E4D-44AD-9599-D68E4F1B4E3C}"
EndProject
Project("{9A19103F-16F7-4668-BE54-9A1E7A4F7556}") = "Pitang.Sms.NetCore.Services", "Pitang.Sms.NetCore.Services\Pitang.Sms.NetCore.Services.csproj", "{90B1ADDF-27C5-43BC-9047-CE53C0F8F1EA}"
EndProject
Project("{9A19103F-16F7-4668-BE54-9A1E7A4F7556}") = "Pitang.Sms.NetCore.DTO", "Pitang.Sms.NetCore.DTO\Pitang.Sms.NetCore.DTO.csproj", "{0E2E2584-BCBD-44A8-9440-9ABE7501AC50}"
EndProject
Project("{9A19103F-16F7-4668-BE54-9A1E7A4F7556}") = "Pitang.Sms.NetCore.Mapper", "Pitang.Sms.NetCore.Mapper\Pitang.Sms.NetCore.Mapper.csproj", "{B00D3571-9717-4B99-A2FC-BFDB03C525A9}"
EndProject
Project("{FAE04EC0-301F-11D3-BF4B-00C04F79EFBC}") = "Pitang.Sms.NetCore.Repositories", "Pitang.Sms.NetCore.Repositories\Pitang.Sms.NetCore.Repositories.csproj", "{DDEABE86-7924-495B-98ED-A87BAC67079B}"
EndProject
Global
	GlobalSection(SolutionConfigurationPlatforms) = preSolution
		Debug|Any CPU = Debug|Any CPU
		Release|Any CPU = Release|Any CPU
	EndGlobalSection
	GlobalSection(ProjectConfigurationPlatforms) = postSolution
		{0C2225C0-0AAE-443B-9C9B-E967F4D5A880}.Debug|Any CPU.ActiveCfg = Debug|Any CPU
		{0C2225C0-0AAE-443B-9C9B-E967F4D5A880}.Debug|Any CPU.Build.0 = Debug|Any CPU
		{0C2225C0-0AAE-443B-9C9B-E967F4D5A880}.Release|Any CPU.ActiveCfg = Release|Any CPU
		{0C2225C0-0AAE-443B-9C9B-E967F4D5A880}.Release|Any CPU.Build.0 = Release|Any CPU
		{86B66D58-DC60-48F0-A786-ECC0265BF83A}.Debug|Any CPU.ActiveCfg = Debug|Any CPU
		{86B66D58-DC60-48F0-A786-ECC0265BF83A}.Debug|Any CPU.Build.0 = Debug|Any CPU
		{86B66D58-DC60-48F0-A786-ECC0265BF83A}.Release|Any CPU.ActiveCfg = Release|Any CPU
		{86B66D58-DC60-48F0-A786-ECC0265BF83A}.Release|Any CPU.Build.0 = Release|Any CPU
		{613B93A3-A72C-46FB-B103-04F5E9A2515D}.Debug|Any CPU.ActiveCfg = Debug|Any CPU
		{613B93A3-A72C-46FB-B103-04F5E9A2515D}.Debug|Any CPU.Build.0 = Debug|Any CPU
		{613B93A3-A72C-46FB-B103-04F5E9A2515D}.Release|Any CPU.ActiveCfg = Release|Any CPU
		{613B93A3-A72C-46FB-B103-04F5E9A2515D}.Release|Any CPU.Build.0 = Release|Any CPU
		{77847465-9E4D-44AD-9599-D68E4F1B4E3C}.Debug|Any CPU.ActiveCfg = Debug|Any CPU
		{77847465-9E4D-44AD-9599-D68E4F1B4E3C}.Debug|Any CPU.Build.0 = Debug|Any CPU
		{77847465-9E4D-44AD-9599-D68E4F1B4E3C}.Release|Any CPU.ActiveCfg = Release|Any CPU
		{77847465-9E4D-44AD-9599-D68E4F1B4E3C}.Release|Any CPU.Build.0 = Release|Any CPU
		{90B1ADDF-27C5-43BC-9047-CE53C0F8F1EA}.Debug|Any CPU.ActiveCfg = Debug|Any CPU
		{90B1ADDF-27C5-43BC-9047-CE53C0F8F1EA}.Debug|Any CPU.Build.0 = Debug|Any CPU
		{90B1ADDF-27C5-43BC-9047-CE53C0F8F1EA}.Release|Any CPU.ActiveCfg = Release|Any CPU
		{90B1ADDF-27C5-43BC-9047-CE53C0F8F1EA}.Release|Any CPU.Build.0 = Release|Any CPU
		{0E2E2584-BCBD-44A8-9440-9ABE7501AC50}.Debug|Any CPU.ActiveCfg = Debug|Any CPU
		{0E2E2584-BCBD-44A8-9440-9ABE7501AC50}.Debug|Any CPU.Build.0 = Debug|Any CPU
		{0E2E2584-BCBD-44A8-9440-9ABE7501AC50}.Release|Any CPU.ActiveCfg = Release|Any CPU
		{0E2E2584-BCBD-44A8-9440-9ABE7501AC50}.Release|Any CPU.Build.0 = Release|Any CPU
		{B00D3571-9717-4B99-A2FC-BFDB03C525A9}.Debug|Any CPU.ActiveCfg = Debug|Any CPU
		{B00D3571-9717-4B99-A2FC-BFDB03C525A9}.Debug|Any CPU.Build.0 = Debug|Any CPU
		{B00D3571-9717-4B99-A2FC-BFDB03C525A9}.Release|Any CPU.ActiveCfg = Release|Any CPU
		{B00D3571-9717-4B99-A2FC-BFDB03C525A9}.Release|Any CPU.Build.0 = Release|Any CPU
		{DDEABE86-7924-495B-98ED-A87BAC67079B}.Debug|Any CPU.ActiveCfg = Debug|Any CPU
		{DDEABE86-7924-495B-98ED-A87BAC67079B}.Debug|Any CPU.Build.0 = Debug|Any CPU
		{DDEABE86-7924-495B-98ED-A87BAC67079B}.Release|Any CPU.ActiveCfg = Release|Any CPU
		{DDEABE86-7924-495B-98ED-A87BAC67079B}.Release|Any CPU.Build.0 = Release|Any CPU
	EndGlobalSection
	GlobalSection(SolutionProperties) = preSolution
		HideSolutionNode = FALSE
	EndGlobalSection
	GlobalSection(NestedProjects) = preSolution
		{86B66D58-DC60-48F0-A786-ECC0265BF83A} = {714FC8BE-D99D-4C7F-9601-197FFBAB6C55}
		{613B93A3-A72C-46FB-B103-04F5E9A2515D} = {714FC8BE-D99D-4C7F-9601-197FFBAB6C55}
		{77847465-9E4D-44AD-9599-D68E4F1B4E3C} = {714FC8BE-D99D-4C7F-9601-197FFBAB6C55}
		{90B1ADDF-27C5-43BC-9047-CE53C0F8F1EA} = {714FC8BE-D99D-4C7F-9601-197FFBAB6C55}
		{0E2E2584-BCBD-44A8-9440-9ABE7501AC50} = {714FC8BE-D99D-4C7F-9601-197FFBAB6C55}
		{B00D3571-9717-4B99-A2FC-BFDB03C525A9} = {714FC8BE-D99D-4C7F-9601-197FFBAB6C55}
		{DDEABE86-7924-495B-98ED-A87BAC67079B} = {714FC8BE-D99D-4C7F-9601-197FFBAB6C55}
	EndGlobalSection
	GlobalSection(ExtensibilityGlobals) = postSolution
		SolutionGuid = {6427518C-F5FD-43F0-86C4-EE98B3C08076}
	EndGlobalSection
EndGlobal
